
Microsoft Visual Studio Solution File, Format Version 12.00
# Visual Studio Version 17
VisualStudioVersion = 17.8.34525.116
MinimumVisualStudioVersion = 10.0.40219.1
Project("{9A19103F-16F7-4668-BE54-9A1E7A4F7556}") = "Sistemasdeinventarios2", "Sistemas de inventarios 2\Sistemasdeinventarios2.csproj", "{A7F97698-5D16-45A1-A766-D58FE086E3ED}"
EndProject
Project("{FAE04EC0-301F-11D3-BF4B-00C04F79EFBC}") = "SistemaInventario.AccesoDatos", "SistemaInventario.AccesoDatos\SistemaInventario.AccesoDatos.csproj", "{F14BAC80-4C0C-4D09-97CC-44959BC52F92}"
EndProject
Project("{FAE04EC0-301F-11D3-BF4B-00C04F79EFBC}") = "SistemaInventario.Modelos", "SistemaInventario.Modelos\SistemaInventario.Modelos.csproj", "{E0706BCF-9CC1-49F1-B4CC-FC349F076A88}"
EndProject
Project("{FAE04EC0-301F-11D3-BF4B-00C04F79EFBC}") = "SistemaInventario.Utilidades", "SistemaInventario.Utilidades\SistemaInventario.Utilidades.csproj", "{7EF17226-D4E1-4A94-A6DD-5C9533C6FBC0}"
EndProject
Global
	GlobalSection(SolutionConfigurationPlatforms) = preSolution
		Debug|Any CPU = Debug|Any CPU
		Release|Any CPU = Release|Any CPU
	EndGlobalSection
	GlobalSection(ProjectConfigurationPlatforms) = postSolution
		{A7F97698-5D16-45A1-A766-D58FE086E3ED}.Debug|Any CPU.ActiveCfg = Debug|Any CPU
		{A7F97698-5D16-45A1-A766-D58FE086E3ED}.Debug|Any CPU.Build.0 = Debug|Any CPU
		{A7F97698-5D16-45A1-A766-D58FE086E3ED}.Release|Any CPU.ActiveCfg = Release|Any CPU
		{A7F97698-5D16-45A1-A766-D58FE086E3ED}.Release|Any CPU.Build.0 = Release|Any CPU
		{F14BAC80-4C0C-4D09-97CC-44959BC52F92}.Debug|Any CPU.ActiveCfg = Debug|Any CPU
		{F14BAC80-4C0C-4D09-97CC-44959BC52F92}.Debug|Any CPU.Build.0 = Debug|Any CPU
		{F14BAC80-4C0C-4D09-97CC-44959BC52F92}.Release|Any CPU.ActiveCfg = Release|Any CPU
		{F14BAC80-4C0C-4D09-97CC-44959BC52F92}.Release|Any CPU.Build.0 = Release|Any CPU
		{E0706BCF-9CC1-49F1-B4CC-FC349F076A88}.Debug|Any CPU.ActiveCfg = Debug|Any CPU
		{E0706BCF-9CC1-49F1-B4CC-FC349F076A88}.Debug|Any CPU.Build.0 = Debug|Any CPU
		{E0706BCF-9CC1-49F1-B4CC-FC349F076A88}.Release|Any CPU.ActiveCfg = Release|Any CPU
		{E0706BCF-9CC1-49F1-B4CC-FC349F076A88}.Release|Any CPU.Build.0 = Release|Any CPU
		{7EF17226-D4E1-4A94-A6DD-5C9533C6FBC0}.Debug|Any CPU.ActiveCfg = Debug|Any CPU
		{7EF17226-D4E1-4A94-A6DD-5C9533C6FBC0}.Debug|Any CPU.Build.0 = Debug|Any CPU
		{7EF17226-D4E1-4A94-A6DD-5C9533C6FBC0}.Release|Any CPU.ActiveCfg = Release|Any CPU
		{7EF17226-D4E1-4A94-A6DD-5C9533C6FBC0}.Release|Any CPU.Build.0 = Release|Any CPU
	EndGlobalSection
	GlobalSection(SolutionProperties) = preSolution
		HideSolutionNode = FALSE
	EndGlobalSection
	GlobalSection(ExtensibilityGlobals) = postSolution
		SolutionGuid = {3297DEB7-0A6E-47CE-AC24-C17EAA880F49}
	EndGlobalSection
EndGlobal
